
Microsoft Visual Studio Solution File, Format Version 12.00
# Visual Studio Version 17
VisualStudioVersion = 17.5.002.0
MinimumVisualStudioVersion = 10.0.40219.1
Project("{9A19103F-16F7-4668-BE54-9A1E7A4F7556}") = "RogueLike_Final", "RogueLike_Final.csproj", "{2E14B63F-6BDD-46D0-8DF8-BE854E40CD1E}"
EndProject
Global
	GlobalSection(SolutionConfigurationPlatforms) = preSolution
		Debug|Any CPU = Debug|Any CPU
		Release|Any CPU = Release|Any CPU
	EndGlobalSection
	GlobalSection(ProjectConfigurationPlatforms) = postSolution
		{2E14B63F-6BDD-46D0-8DF8-BE854E40CD1E}.Debug|Any CPU.ActiveCfg = Debug|Any CPU
		{2E14B63F-6BDD-46D0-8DF8-BE854E40CD1E}.Debug|Any CPU.Build.0 = Debug|Any CPU
		{2E14B63F-6BDD-46D0-8DF8-BE854E40CD1E}.Release|Any CPU.ActiveCfg = Release|Any CPU
		{2E14B63F-6BDD-46D0-8DF8-BE854E40CD1E}.Release|Any CPU.Build.0 = Release|Any CPU
	EndGlobalSection
	GlobalSection(SolutionProperties) = preSolution
		HideSolutionNode = FALSE
	EndGlobalSection
	GlobalSection(ExtensibilityGlobals) = postSolution
		SolutionGuid = {906EF960-391B-4C97-BEC9-64575CDCD802}
	EndGlobalSection
EndGlobal
